
Microsoft Visual Studio Solution File, Format Version 12.00
# Visual Studio Version 17
VisualStudioVersion = 17.7.34018.315
MinimumVisualStudioVersion = 10.0.40219.1
Project("{2150E333-8FDC-42A3-9474-1A3956D46DE8}") = "src", "src", "{41822461-D741-4DA5-BA38-4843E92AD9B6}"
EndProject
Project("{2150E333-8FDC-42A3-9474-1A3956D46DE8}") = "Core", "Core", "{37E43DE9-F914-4BAC-95C7-5C7D6F2237A9}"
EndProject
Project("{9A19103F-16F7-4668-BE54-9A1E7A4F7556}") = "ProductApp.Domain", "src\Core\ProductApp.Domain\ProductApp.Domain.csproj", "{E6DA4498-AB49-46B8-8F4F-C03644833A42}"
EndProject
Project("{9A19103F-16F7-4668-BE54-9A1E7A4F7556}") = "ProductAdd.Application", "src\Core\ProductAdd.Application\ProductAdd.Application.csproj", "{E8E52AC9-ABCE-46E8-A364-0DDD7DF86B8D}"
EndProject
Project("{2150E333-8FDC-42A3-9474-1A3956D46DE8}") = "Infrastructure", "Infrastructure", "{4F54ADE3-C70A-47AC-AAD8-8249DBF0D94E}"
EndProject
Project("{FAE04EC0-301F-11D3-BF4B-00C04F79EFBC}") = "ProductApp.Persistence", "src\Infrastructure\ProductApp.Persistence\ProductApp.Persistence.csproj", "{8C3C8BCF-DF7F-4EA4-A81F-C2400E962565}"
EndProject
Project("{2150E333-8FDC-42A3-9474-1A3956D46DE8}") = "WebApi", "WebApi", "{B5E05657-AEB9-4B29-ADC2-08F39A8AC35E}"
EndProject
Project("{FAE04EC0-301F-11D3-BF4B-00C04F79EFBC}") = "ProductApp.WebApi", "src\WebApi\ProductApp.WebApi\ProductApp.WebApi.csproj", "{2409DD9A-8A2C-4BF5-BAF7-EA7C3C0D9731}"
EndProject
Global
	GlobalSection(SolutionConfigurationPlatforms) = preSolution
		Debug|Any CPU = Debug|Any CPU
		Release|Any CPU = Release|Any CPU
	EndGlobalSection
	GlobalSection(ProjectConfigurationPlatforms) = postSolution
		{E6DA4498-AB49-46B8-8F4F-C03644833A42}.Debug|Any CPU.ActiveCfg = Debug|Any CPU
		{E6DA4498-AB49-46B8-8F4F-C03644833A42}.Debug|Any CPU.Build.0 = Debug|Any CPU
		{E6DA4498-AB49-46B8-8F4F-C03644833A42}.Release|Any CPU.ActiveCfg = Release|Any CPU
		{E6DA4498-AB49-46B8-8F4F-C03644833A42}.Release|Any CPU.Build.0 = Release|Any CPU
		{E8E52AC9-ABCE-46E8-A364-0DDD7DF86B8D}.Debug|Any CPU.ActiveCfg = Debug|Any CPU
		{E8E52AC9-ABCE-46E8-A364-0DDD7DF86B8D}.Debug|Any CPU.Build.0 = Debug|Any CPU
		{E8E52AC9-ABCE-46E8-A364-0DDD7DF86B8D}.Release|Any CPU.ActiveCfg = Release|Any CPU
		{E8E52AC9-ABCE-46E8-A364-0DDD7DF86B8D}.Release|Any CPU.Build.0 = Release|Any CPU
		{8C3C8BCF-DF7F-4EA4-A81F-C2400E962565}.Debug|Any CPU.ActiveCfg = Debug|Any CPU
		{8C3C8BCF-DF7F-4EA4-A81F-C2400E962565}.Debug|Any CPU.Build.0 = Debug|Any CPU
		{8C3C8BCF-DF7F-4EA4-A81F-C2400E962565}.Release|Any CPU.ActiveCfg = Release|Any CPU
		{8C3C8BCF-DF7F-4EA4-A81F-C2400E962565}.Release|Any CPU.Build.0 = Release|Any CPU
		{2409DD9A-8A2C-4BF5-BAF7-EA7C3C0D9731}.Debug|Any CPU.ActiveCfg = Debug|Any CPU
		{2409DD9A-8A2C-4BF5-BAF7-EA7C3C0D9731}.Debug|Any CPU.Build.0 = Debug|Any CPU
		{2409DD9A-8A2C-4BF5-BAF7-EA7C3C0D9731}.Release|Any CPU.ActiveCfg = Release|Any CPU
		{2409DD9A-8A2C-4BF5-BAF7-EA7C3C0D9731}.Release|Any CPU.Build.0 = Release|Any CPU
	EndGlobalSection
	GlobalSection(SolutionProperties) = preSolution
		HideSolutionNode = FALSE
	EndGlobalSection
	GlobalSection(NestedProjects) = preSolution
		{37E43DE9-F914-4BAC-95C7-5C7D6F2237A9} = {41822461-D741-4DA5-BA38-4843E92AD9B6}
		{E6DA4498-AB49-46B8-8F4F-C03644833A42} = {37E43DE9-F914-4BAC-95C7-5C7D6F2237A9}
		{E8E52AC9-ABCE-46E8-A364-0DDD7DF86B8D} = {37E43DE9-F914-4BAC-95C7-5C7D6F2237A9}
		{4F54ADE3-C70A-47AC-AAD8-8249DBF0D94E} = {41822461-D741-4DA5-BA38-4843E92AD9B6}
		{8C3C8BCF-DF7F-4EA4-A81F-C2400E962565} = {4F54ADE3-C70A-47AC-AAD8-8249DBF0D94E}
		{B5E05657-AEB9-4B29-ADC2-08F39A8AC35E} = {41822461-D741-4DA5-BA38-4843E92AD9B6}
		{2409DD9A-8A2C-4BF5-BAF7-EA7C3C0D9731} = {B5E05657-AEB9-4B29-ADC2-08F39A8AC35E}
	EndGlobalSection
	GlobalSection(ExtensibilityGlobals) = postSolution
		SolutionGuid = {FADF4D9C-5BB6-4AA1-9E94-3C5D81FA9A16}
	EndGlobalSection
EndGlobal
